
Microsoft Visual Studio Solution File, Format Version 12.00
# Visual Studio Version 16
VisualStudioVersion = 16.0.30611.23
MinimumVisualStudioVersion = 10.0.40219.1
Project("{FAE04EC0-301F-11D3-BF4B-00C04F79EFBC}") = "Lissajous Generator", "Lissajous Generator\Lissajous Generator.csproj", "{03267E95-3B68-41DA-B4B7-183870B0367E}"
EndProject
Global
	GlobalSection(SolutionConfigurationPlatforms) = preSolution
		Debug|Any CPU = Debug|Any CPU
		Release|Any CPU = Release|Any CPU
	EndGlobalSection
	GlobalSection(ProjectConfigurationPlatforms) = postSolution
		{03267E95-3B68-41DA-B4B7-183870B0367E}.Debug|Any CPU.ActiveCfg = Debug|Any CPU
		{03267E95-3B68-41DA-B4B7-183870B0367E}.Debug|Any CPU.Build.0 = Debug|Any CPU
		{03267E95-3B68-41DA-B4B7-183870B0367E}.Release|Any CPU.ActiveCfg = Release|Any CPU
		{03267E95-3B68-41DA-B4B7-183870B0367E}.Release|Any CPU.Build.0 = Release|Any CPU
	EndGlobalSection
	GlobalSection(SolutionProperties) = preSolution
		HideSolutionNode = FALSE
	EndGlobalSection
	GlobalSection(ExtensibilityGlobals) = postSolution
		SolutionGuid = {994C7871-99F5-418E-8E8D-0394D3BFD2AB}
	EndGlobalSection
EndGlobal
